
Microsoft Visual Studio Solution File, Format Version 12.00
# Visual Studio Version 16
VisualStudioVersion = 16.0.29020.237
MinimumVisualStudioVersion = 10.0.40219.1
Project("{FAE04EC0-301F-11D3-BF4B-00C04F79EFBC}") = "řídicí stanice", "řídicí stanice\řídicí stanice.csproj", "{AD7FB5A0-B875-46FE-8766-ABF840B3123D}"
EndProject
Global
	GlobalSection(SolutionConfigurationPlatforms) = preSolution
		Debug|Any CPU = Debug|Any CPU
		Release|Any CPU = Release|Any CPU
	EndGlobalSection
	GlobalSection(ProjectConfigurationPlatforms) = postSolution
		{AD7FB5A0-B875-46FE-8766-ABF840B3123D}.Debug|Any CPU.ActiveCfg = Debug|Any CPU
		{AD7FB5A0-B875-46FE-8766-ABF840B3123D}.Debug|Any CPU.Build.0 = Debug|Any CPU
		{AD7FB5A0-B875-46FE-8766-ABF840B3123D}.Release|Any CPU.ActiveCfg = Release|Any CPU
		{AD7FB5A0-B875-46FE-8766-ABF840B3123D}.Release|Any CPU.Build.0 = Release|Any CPU
	EndGlobalSection
	GlobalSection(SolutionProperties) = preSolution
		HideSolutionNode = FALSE
	EndGlobalSection
	GlobalSection(ExtensibilityGlobals) = postSolution
		SolutionGuid = {48B6E491-6655-4009-8636-0E7E93148B42}
	EndGlobalSection
EndGlobal
